{
  "name": "@lapxo/topos-typescript-tree",
  "version": "0.1.2",
  "lockfileVersion": 3,
  "requires": true,
  "packages": {
    "": {
      "name": "@lapxo/topos-typescript-tree",
      "version": "0.1.2",
      "license": "MIT",
      "dependencies": {
        "@lapxo/topos": "^0.1.0",
        "typescript": "^5.9.3"
      },
      "engines": {
        "node": ">=22.12"
      }
    },
    "node_modules/@lapxo/obligations": {
      "version": "0.3.5",
      "resolved": "https://registry.npmjs.org/@lapxo/obligations/-/obligations-0.3.5.tgz",
      "integrity": "sha512-F6THLXLeSOuwCU/xD+6US6EMfONmrQR2LbgyV6ij1IKJW9g4iD1U/IuTCHtAcXFTYJKkFb4/FqgCZJYFEPsSJw==",
      "license": "MIT",
      "engines": {
        "node": ">=22.12"
      }
    },
    "node_modules/@lapxo/topos": {
      "version": "0.1.3",
      "resolved": "https://registry.npmjs.org/@lapxo/topos/-/topos-0.1.3.tgz",
      "integrity": "sha512-OlN2FQ7W+w5WjDPNFqG+iZ9ThQ180gr2D42PfIvX3sFxOGEIdwmKA0K73WIrq6j0NiCTRYYnHf4xZeEO0ug3IQ==",
      "license": "MIT",
      "dependencies": {
        "@lapxo/obligations": "^0.3.5"
      },
      "engines": {
        "node": ">=22.12"
      }
    },
    "node_modules/typescript": {
      "version": "5.9.3",
      "resolved": "https://registry.npmjs.org/typescript/-/typescript-5.9.3.tgz",
      "integrity": "sha512-jl1vZzPDinLr9eUt3J/t7V6FgNEw9QjvBPdysz9KfQDD41fQrC2Y4vKQdiaUpFT4bXlb1RHhLpp8wtm6M5TgSw==",
      "license": "Apache-2.0",
      "bin": {
        "tsc": "bin/tsc",
        "tsserver": "bin/tsserver"
      },
      "engines": {
        "node": ">=14.17"
      }
    }
  }
}
